[{<<"certifi">>,{pkg,<<"certifi">>,<<"0.4.0">>},0},
 {<<"idna">>,{pkg,<<"idna">>,<<"2.0.0">>},0},
 {<<"meck">>,
  {git,"git@git.herokai.com:meck.git",
       {ref,"2eb19524a0cf33a0fc67fed766679c93d363ceee"}},
  0},
 {<<"mochiweb">>,
  {git,"git@git.herokai.com:mochiweb.git",
       {ref,"3d331c66cca944dbf007cb024cfd109289f59d9b"}},
  0},
 {<<"rebar_vsn_plugin">>,
  {git,"https://github.com/erlware/rebar_vsn_plugin.git",
       {ref,"fd40c960c7912193631d948fe962e1162a8d1334"}},
  0},
 {<<"ssl_verify_fun">>,{pkg,<<"ssl_verify_fun">>,<<"1.1.0">>},0}].
